
Microsoft Visual Studio Solution File, Format Version 12.00
Project("{FAE04EC0-301F-11D3-BF4B-00C04F79EFBC}") = "Dimitri_Brancourt_WAF", "Dimitri_Brancourt_WAF.csproj", "{252158CD-8095-4A73-B455-750B17F0D7CF}"
EndProject
Global
	GlobalSection(SolutionConfigurationPlatforms) = preSolution
		Debug|Any CPU = Debug|Any CPU
		Release|Any CPU = Release|Any CPU
	EndGlobalSection
	GlobalSection(ProjectConfigurationPlatforms) = postSolution
		{252158CD-8095-4A73-B455-750B17F0D7CF}.Debug|Any CPU.ActiveCfg = Debug|Any CPU
		{252158CD-8095-4A73-B455-750B17F0D7CF}.Debug|Any CPU.Build.0 = Debug|Any CPU
		{252158CD-8095-4A73-B455-750B17F0D7CF}.Release|Any CPU.ActiveCfg = Release|Any CPU
		{252158CD-8095-4A73-B455-750B17F0D7CF}.Release|Any CPU.Build.0 = Release|Any CPU
	EndGlobalSection
EndGlobal
